
Microsoft Visual Studio Solution File, Format Version 12.00
# Visual Studio Version 17
VisualStudioVersion = 17.7.34031.279
MinimumVisualStudioVersion = 10.0.40219.1
Project("{FAE04EC0-301F-11D3-BF4B-00C04F79EFBC}") = "RSM", "RSM\RSM.csproj", "{77FC186E-0B76-4552-94A5-692A2F7F87F7}"
EndProject
Global
	GlobalSection(SolutionConfigurationPlatforms) = preSolution
		Debug|Any CPU = Debug|Any CPU
		Release|Any CPU = Release|Any CPU
	EndGlobalSection
	GlobalSection(ProjectConfigurationPlatforms) = postSolution
		{77FC186E-0B76-4552-94A5-692A2F7F87F7}.Debug|Any CPU.ActiveCfg = Debug|Any CPU
		{77FC186E-0B76-4552-94A5-692A2F7F87F7}.Debug|Any CPU.Build.0 = Debug|Any CPU
		{77FC186E-0B76-4552-94A5-692A2F7F87F7}.Release|Any CPU.ActiveCfg = Release|Any CPU
		{77FC186E-0B76-4552-94A5-692A2F7F87F7}.Release|Any CPU.Build.0 = Release|Any CPU
	EndGlobalSection
	GlobalSection(SolutionProperties) = preSolution
		HideSolutionNode = FALSE
	EndGlobalSection
	GlobalSection(ExtensibilityGlobals) = postSolution
		SolutionGuid = {AD0C2F1F-8656-4C8A-87A9-54D09F5BE9ED}
	EndGlobalSection
EndGlobal
